// !$*UTF8*$!
{
	archiveVersion = 1;
	classes = {
	};
	objectVersion = 50;
	objects = {

/* Begin PBXBuildFile section */
		C61BAECD25ACAC4400ED7672 /* WeSplitActualJuulApp.swift in Sources */ = {isa = PBXBuildFile; fileRef = C61BAECC25ACAC4400ED7672 /* WeSplitActualJuulApp.swift */; };
		C61BAECF25ACAC4400ED7672 /* ContentView.swift in Sources */ = {isa = PBXBuildFile; fileRef = C61BAECE25ACAC4400ED7672 /* ContentView.swift */; };
		C61BAED125ACAC4400ED7672 /* Assets.xcassets in Resources */ = {isa = PBXBuildFile; fileRef = C61BAED025ACAC4400ED7672 /* Assets.xcassets */; };
		C61BAED425ACAC4500ED7672 /* Preview Assets.xcassets in Resources */ = {isa = PBXBuildFile; fileRef = C61BAED325ACAC4500ED7672 /* Preview Assets.xcassets */; };
/* End PBXBuildFile section */

/* Begin PBXFileReference section */
		C61BAEC925ACAC4400ED7672 /* WeSplitActualJuul.app */ = {isa = PBXFileReference; explicitFileType = wrapper.application; includeInIndex = 0; path = WeSplitActualJuul.app; sourceTree = BUILT_PRODUCTS_DIR; };
		C61BAECC25ACAC4400ED7672 /* WeSplitActualJuulApp.swift */ = {isa = PBXFileReference; lastKnownFileType = sourcecode.swift; path = WeSplitActualJuulApp.swift; sourceTree = "<group>"; };
		C61BAECE25ACAC4400ED7672 /* ContentView.swift */ = {isa = PBXFileReference; lastKnownFileType = sourcecode.swift; path = ContentView.swift; sourceTree = "<group>"; };
		C61BAED025ACAC4400ED7672 /* Assets.xcassets */ = {isa = PBXFileReference; lastKnownFileType = folder.assetcatalog; path = Assets.xcassets; sourceTree = "<group>"; };
		C61BAED325ACAC4500ED7672 /* Preview Assets.xcassets */ = {isa = PBXFileReference; lastKnownFileType = folder.assetcatalog; path = "Preview Assets.xcassets"; sourceTree = "<group>"; };
		C61BAED525ACAC4500ED7672 /* Info.plist */ = {isa = PBXFileReference; lastKnownFileType = text.plist.xml; path = Info.plist; sourceTree = "<group>"; };
/* End PBXFileReference section */

/* Begin PBXFrameworksBuildPhase section */
		C61BAEC625ACAC4400ED7672 /* Frameworks */ = {
			isa = PBXFrameworksBuildPhase;
			buildActionMask = 2147483647;
			files = (
			);
			runOnlyForDeploymentPostprocessing = 0;
		};
/* End PBXFrameworksBuildPhase section */

/* Begin PBXGroup section */
		C61BAEC025ACAC4400ED7672 = {
			isa = PBXGroup;
			children = (
				C61BAECB25ACAC4400ED7672 /* WeSplitActualJuul */,
				C61BAECA25ACAC4400ED7672 /* Products */,
			);
			sourceTree = "<group>";
		};
		C61BAECA25ACAC4400ED7672 /* Products */ = {
			isa = PBXGroup;
			children = (
				C61BAEC925ACAC4400ED7672 /* WeSplitActualJuul.app */,
			);
			name = Products;
			sourceTree = "<group>";
		};
		C61BAECB25ACAC4400ED7672 /* WeSplitActualJuul */ = {
			isa = PBXGroup;
			children = (
				C61BAECC25ACAC4400ED7672 /* WeSplitActualJuulApp.swift */,
				C61BAECE25ACAC4400ED7672 /* ContentView.swift */,
				C61BAED025ACAC4400ED7672 /* Assets.xcassets */,
				C61BAED525ACAC4500ED7672 /* Info.plist */,
				C61BAED225ACAC4500ED7672 /* Preview Content */,
			);
			path = WeSplitActualJuul;
			sourceTree = "<group>";
		};
		C61BAED225ACAC4500ED7672 /* Preview Content */ = {
			isa = PBXGroup;
			children = (
				C61BAED325ACAC4500ED7672 /* Preview Assets.xcassets */,
			);
			path = "Preview Content";
			sourceTree = "<group>";
		};
/* End PBXGroup section */

/* Begin PBXNativeTarget section */
		C61BAEC825ACAC4400ED7672 /* WeSplitActualJuul */ = {
			isa = PBXNativeTarget;
			buildConfigurationList = C61BAED825ACAC4500ED7672 /* Build configuration list for PBXNativeTarget "WeSplitActualJuul" */;
			buildPhases = (
				C61BAEC525ACAC4400ED7672 /* Sources */,
				C61BAEC625ACAC4400ED7672 /* Frameworks */,
				C61BAEC725ACAC4400ED7672 /* Resources */,
			);
			buildRules = (
			);
			dependencies = (
			);
			name = WeSplitActualJuul;
			productName = WeSplitActualJuul;
			productReference = C61BAEC925ACAC4400ED7672 /* WeSplitActualJuul.app */;
			productType = "com.apple.product-type.application";
		};
/* End PBXNativeTarget section */

/* Begin PBXProject section */
		C61BAEC125ACAC4400ED7672 /* Project object */ = {
			isa = PBXProject;
			attributes = {
				LastSwiftUpdateCheck = 1230;
				LastUpgradeCheck = 1230;
				TargetAttributes = {
					C61BAEC825ACAC4400ED7672 = {
						CreatedOnToolsVersion = 12.3;
					};
				};
			};
			buildConfigurationList = C61BAEC425ACAC4400ED7672 /* Build configuration list for PBXProject "WeSplitActualJuul" */;
			compatibilityVersion = "Xcode 9.3";
			developmentRegion = en;
			hasScannedForEncodings = 0;
			knownRegions = (
				en,
				Base,
			);
			mainGroup = C61BAEC025ACAC4400ED7672;
			productRefGroup = C61BAECA25ACAC4400ED7672 /* Products */;
			projectDirPath = "";
			projectRoot = "";
			targets = (
				C61BAEC825ACAC4400ED7672 /* WeSplitActualJuul */,
			);
		};
/* End PBXProject section */

/* Begin PBXResourcesBuildPhase section */
		C61BAEC725ACAC4400ED7672 /* Resources */ = {
			isa = PBXResourcesBuildPhase;
			buildActionMask = 2147483647;
			files = (
				C61BAED425ACAC4500ED7672 /* Preview Assets.xcassets in Resources */,
				C61BAED125ACAC4400ED7672 /* Assets.xcassets in Resources */,
			);
			runOnlyForDeploymentPostprocessing = 0;
		};
/* End PBXResourcesBuildPhase section */

/* Begin PBXSourcesBuildPhase section */
		C61BAEC525ACAC4400ED7672 /* Sources */ = {
			isa = PBXSourcesBuildPhase;
			buildActionMask = 2147483647;
			files = (
				C61BAECF25ACAC4400ED7672 /* ContentView.swift in Sources */,
				C61BAECD25ACAC4400ED7672 /* WeSplitActualJuulApp.swift in Sources */,
			);
			runOnlyForDeploymentPostprocessing = 0;
		};
/* End PBXSourcesBuildPhase section */

/* Begin XCBuildConfiguration section */
		C61BAED625ACAC4500ED7672 /* Debug */ = {
			isa = XCBuildConfiguration;
			buildSettings = {
				ALWAYS_SEARCH_USER_PATHS = NO;
				CLANG_ANALYZER_NONNULL = YES;
				CLANG_ANALYZER_NUMBER_OBJECT_CONVERSION = YES_AGGRESSIVE;
				CLANG_CXX_LANGUAGE_STANDARD = "gnu++14";
				CLANG_CXX_LIBRARY = "libc++";
				CLANG_ENABLE_MODULES = YES;
				CLANG_ENABLE_OBJC_ARC = YES;
				CLANG_ENABLE_OBJC_WEAK = YES;
				CLANG_WARN_BLOCK_CAPTURE_AUTORELEASING = YES;
				CLANG_WARN_BOOL_CONVERSION = YES;
				CLANG_WARN_COMMA = YES;
				CLANG_WARN_CONSTANT_CONVERSION = YES;
				CLANG_WARN_DEPRECATED_OBJC_IMPLEMENTATIONS = YES;
				CLANG_WARN_DIRECT_OBJC_ISA_USAGE = YES_ERROR;
				CLANG_WARN_DOCUMENTATION_COMMENTS = YES;
				CLANG_WARN_EMPTY_BODY = YES;
				CLANG_WARN_ENUM_CONVERSION = YES;
				CLANG_WARN_INFINITE_RECURSION = YES;
				CLANG_WARN_INT_CONVERSION = YES;
				CLANG_WARN_NON_LITERAL_NULL_CONVERSION = YES;
				CLANG_WARN_OBJC_IMPLICIT_RETAIN_SELF = YES;
				CLANG_WARN_OBJC_LITERAL_CONVERSION = YES;
				CLANG_WARN_OBJC_ROOT_CLASS = YES_ERROR;
				CLANG_WARN_QUOTED_INCLUDE_IN_FRAMEWORK_HEADER = YES;
				CLANG_WARN_RANGE_LOOP_ANALYSIS = YES;
				CLANG_WARN_STRICT_PROTOTYPES = YES;
				CLANG_WARN_SUSPICIOUS_MOVE = YES;
				CLANG_WARN_UNGUARDED_AVAILABILITY = YES_AGGRESSIVE;
				CLANG_WARN_UNREACHABLE_CODE = YES;
				CLANG_WARN__DUPLICATE_METHOD_MATCH = YES;
				COPY_PHASE_STRIP = NO;
				DEBUG_INFORMATION_FORMAT = dwarf;
				ENABLE_STRICT_OBJC_MSGSEND = YES;
				ENABLE_TESTABILITY = YES;
				GCC_C_LANGUAGE_STANDARD = gnu11;
				GCC_DYNAMIC_NO_PIC = NO;
				GCC_NO_COMMON_BLOCKS = YES;
				GCC_OPTIMIZATION_LEVEL = 0;
				GCC_PREPROCESSOR_DEFINITIONS = (
					"DEBUG=1",
					"$(inherited)",
				);
				GCC_WARN_64_TO_32_BIT_CONVERSION = YES;
				GCC_WARN_ABOUT_RETURN_TYPE = YES_ERROR;
				GCC_WARN_UNDECLARED_SELECTOR = YES;
				GCC_WARN_UNINITIALIZED_AUTOS = YES_AGGRESSIVE;
				GCC_WARN_UNUSED_FUNCTION = YES;
				GCC_WARN_UNUSED_VARIABLE = YES;
				IPHONEOS_DEPLOYMENT_TARGET = 14.3;
				MTL_ENABLE_DEBUG_INFO = INCLUDE_SOURCE;
				MTL_FAST_MATH = YES;
				ONLY_ACTIVE_ARCH = YES;
				SDKROOT = iphoneos;
				SWIFT_ACTIVE_COMPILATION_CONDITIONS = DEBUG;
				SWIFT_OPTIMIZATION_LEVEL = "-Onone";
			};
			name = Debug;
		};
		C61BAED725ACAC4500ED7672 /* Release */ = {
			isa = XCBuildConfiguration;
			buildSettings = {
				ALWAYS_SEARCH_USER_PATHS = NO;
				CLANG_ANALYZER_NONNULL = YES;
				CLANG_ANALYZER_NUMBER_OBJECT_CONVERSION = YES_AGGRESSIVE;
				CLANG_CXX_LANGUAGE_STANDARD = "gnu++14";
				CLANG_CXX_LIBRARY = "libc++";
				CLANG_ENABLE_MODULES = YES;
				CLANG_ENABLE_OBJC_ARC = YES;
				CLANG_ENABLE_OBJC_WEAK = YES;
				CLANG_WARN_BLOCK_CAPTURE_AUTORELEASING = YES;
				CLANG_WARN_BOOL_CONVERSION = YES;
				CLANG_WARN_COMMA = YES;
				CLANG_WARN_CONSTANT_CONVERSION = YES;
				CLANG_WARN_DEPRECATED_OBJC_IMPLEMENTATIONS = YES;
				CLANG_WARN_DIRECT_OBJC_ISA_USAGE = YES_ERROR;
				CLANG_WARN_DOCUMENTATION_COMMENTS = YES;
				CLANG_WARN_EMPTY_BODY = YES;
				CLANG_WARN_ENUM_CONVERSION = YES;
				CLANG_WARN_INFINITE_RECURSION = YES;
				CLANG_WARN_INT_CONVERSION = YES;
				CLANG_WARN_NON_LITERAL_NULL_CONVERSION = YES;
				CLANG_WARN_OBJC_IMPLICIT_RETAIN_SELF = YES;
				CLANG_WARN_OBJC_LITERAL_CONVERSION = YES;
				CLANG_WARN_OBJC_ROOT_CLASS = YES_ERROR;
				CLANG_WARN_QUOTED_INCLUDE_IN_FRAMEWORK_HEADER = YES;
				CLANG_WARN_RANGE_LOOP_ANALYSIS = YES;
				CLANG_WARN_STRICT_PROTOTYPES = YES;
				CLANG_WARN_SUSPICIOUS_MOVE = YES;
				CLANG_WARN_UNGUARDED_AVAILABILITY = YES_AGGRESSIVE;
				CLANG_WARN_UNREACHABLE_CODE = YES;
				CLANG_WARN__DUPLICATE_METHOD_MATCH = YES;
				COPY_PHASE_STRIP = NO;
				DEBUG_INFORMATION_FORMAT = "dwarf-with-dsym";
				ENABLE_NS_ASSERTIONS = NO;
				ENABLE_STRICT_OBJC_MSGSEND = YES;
				GCC_C_LANGUAGE_STANDARD = gnu11;
				GCC_NO_COMMON_BLOCKS = YES;
				GCC_WARN_64_TO_32_BIT_CONVERSION = YES;
				GCC_WARN_ABOUT_RETURN_TYPE = YES_ERROR;
				GCC_WARN_UNDECLARED_SELECTOR = YES;
				GCC_WARN_UNINITIALIZED_AUTOS = YES_AGGRESSIVE;
				GCC_WARN_UNUSED_FUNCTION = YES;
				GCC_WARN_UNUSED_VARIABLE = YES;
				IPHONEOS_DEPLOYMENT_TARGET = 14.3;
				MTL_ENABLE_DEBUG_INFO = NO;
				MTL_FAST_MATH = YES;
				SDKROOT = iphoneos;
				SWIFT_COMPILATION_MODE = wholemodule;
				SWIFT_OPTIMIZATION_LEVEL = "-O";
				VALIDATE_PRODUCT = YES;
			};
			name = Release;
		};
		C61BAED925ACAC4500ED7672 /* Debug */ = {
			isa = XCBuildConfiguration;
			buildSettings = {
				ASSETCATALOG_COMPILER_APPICON_NAME = AppIcon;
				ASSETCATALOG_COMPILER_GLOBAL_ACCENT_COLOR_NAME = AccentColor;
				CODE_SIGN_STYLE = Automatic;
				DEVELOPMENT_ASSET_PATHS = "\"WeSplitActualJuul/Preview Content\"";
				DEVELOPMENT_TEAM = 676248Z4DL;
				ENABLE_PREVIEWS = YES;
				INFOPLIST_FILE = WeSplitActualJuul/Info.plist;
				IPHONEOS_DEPLOYMENT_TARGET = 14.0;
				LD_RUNPATH_SEARCH_PATHS = (
					"$(inherited)",
					"@executable_path/Frameworks",
				);
				PRODUCT_BUNDLE_IDENTIFIER = com.WeSplitJuulActual.WeSplitActualJuul;
				PRODUCT_NAME = "$(TARGET_NAME)";
				SWIFT_VERSION = 5.0;
				TARGETED_DEVICE_FAMILY = "1,2";
			};
			name = Debug;
		};
		C61BAEDA25ACAC4500ED7672 /* Release */ = {
			isa = XCBuildConfiguration;
			buildSettings = {
				ASSETCATALOG_COMPILER_APPICON_NAME = AppIcon;
				ASSETCATALOG_COMPILER_GLOBAL_ACCENT_COLOR_NAME = AccentColor;
				CODE_SIGN_STYLE = Automatic;
				DEVELOPMENT_ASSET_PATHS = "\"WeSplitActualJuul/Preview Content\"";
				DEVELOPMENT_TEAM = 676248Z4DL;
				ENABLE_PREVIEWS = YES;
				INFOPLIST_FILE = WeSplitActualJuul/Info.plist;
				IPHONEOS_DEPLOYMENT_TARGET = 14.0;
				LD_RUNPATH_SEARCH_PATHS = (
					"$(inherited)",
					"@executable_path/Frameworks",
				);
				PRODUCT_BUNDLE_IDENTIFIER = com.WeSplitJuulActual.WeSplitActualJuul;
				PRODUCT_NAME = "$(TARGET_NAME)";
				SWIFT_VERSION = 5.0;
				TARGETED_DEVICE_FAMILY = "1,2";
			};
			name = Release;
		};
/* End XCBuildConfiguration section */

/* Begin XCConfigurationList section */
		C61BAEC425ACAC4400ED7672 /* Build configuration list for PBXProject "WeSplitActualJuul" */ = {
			isa = XCConfigurationList;
			buildConfigurations = (
				C61BAED625ACAC4500ED7672 /* Debug */,
				C61BAED725ACAC4500ED7672 /* Release */,
			);
			defaultConfigurationIsVisible = 0;
			defaultConfigurationName = Release;
		};
		C61BAED825ACAC4500ED7672 /* Build configuration list for PBXNativeTarget "WeSplitActualJuul" */ = {
			isa = XCConfigurationList;
			buildConfigurations = (
				C61BAED925ACAC4500ED7672 /* Debug */,
				C61BAEDA25ACAC4500ED7672 /* Release */,
			);
			defaultConfigurationIsVisible = 0;
			defaultConfigurationName = Release;
		};
/* End XCConfigurationList section */
	};
	rootObject = C61BAEC125ACAC4400ED7672 /* Project object */;
}
